PODS:
  - PINCache (3.0.1-beta.8):
    - PINCache/Arc-exception-safe (= 3.0.1-beta.8)
    - PINCache/Core (= 3.0.1-beta.8)
  - PINCache/Arc-exception-safe (3.0.1-beta.8):
    - PINCache/Core
  - PINCache/Core (3.0.1-beta.8):
    - PINOperation (~> 1.1.1)
  - PINOperation (1.1.2)
  - PINRemoteImage/Core (3.0.0):
    - PINOperation
  - PINRemoteImage/iOS (3.0.0):
    - PINRemoteImage/Core
  - PINRemoteImage/PINCache (3.0.0):
    - PINCache (= 3.0.1-beta.8)
    - PINRemoteImage/Core
  - Texture (3.0.0):
    - Texture/AssetsLibrary (= 3.0.0)
    - Texture/Core (= 3.0.0)
    - Texture/MapKit (= 3.0.0)
    - Texture/Photos (= 3.0.0)
    - Texture/PINRemoteImage (= 3.0.0)
    - Texture/Video (= 3.0.0)
  - Texture/AssetsLibrary (3.0.0):
    - Texture/Core
  - Texture/Core (3.0.0)
  - Texture/MapKit (3.0.0):
    - Texture/Core
  - Texture/Photos (3.0.0):
    - Texture/Core
  - Texture/PINRemoteImage (3.0.0):
    - PINRemoteImage/iOS (~> 3.0.0)
    - PINRemoteImage/PINCache
    - Texture/Core
  - Texture/Video (3.0.0):
    - Texture/Core

DEPENDENCIES:
  - Texture (~> 3.0)

SPEC REPOS:
  trunk:
    - PINCache
    - PINOperation
    - PINRemoteImage
    - Texture

SPEC CHECKSUMS:
  PINCache: 534fd41d358d828dfdf227a0d327f3673a65e20b
  PINOperation: 24b774353ca248fcf87d67b2d61eef42087c125a
  PINRemoteImage: e2b89e19fb6e77ffc099f9d9f3b3fe1745e3f9f9
  Texture: 2f109e937850d94d1d07232041c9c7313ccddb81

PODFILE CHECKSUM: 84c07afdd654394e2a5117c18b492819e1cc99d0

COCOAPODS: 1.9.3
